
Microsoft Visual Studio Solution File, Format Version 12.00
# Visual Studio Version 16
VisualStudioVersion = 16.0.30309.148
MinimumVisualStudioVersion = 10.0.40219.1
Project("{9A19103F-16F7-4668-BE54-9A1E7A4F7556}") = "AglCodingTest", "AglCodingTest\AglCodingTest.csproj", "{98FF5718-A299-4ACC-9BD6-0CEBF81C7E03}"
EndProject
Project("{9A19103F-16F7-4668-BE54-9A1E7A4F7556}") = "ApplicationLayer", "ApplicationLayer\ApplicationLayer.csproj", "{047DB4E5-1BDD-4A52-9D01-C7E7E9646FB4}"
EndProject
Global
	GlobalSection(SolutionConfigurationPlatforms) = preSolution
		Debug|Any CPU = Debug|Any CPU
		Release|Any CPU = Release|Any CPU
	EndGlobalSection
	GlobalSection(ProjectConfigurationPlatforms) = postSolution
		{98FF5718-A299-4ACC-9BD6-0CEBF81C7E03}.Debug|Any CPU.ActiveCfg = Debug|Any CPU
		{98FF5718-A299-4ACC-9BD6-0CEBF81C7E03}.Debug|Any CPU.Build.0 = Debug|Any CPU
		{98FF5718-A299-4ACC-9BD6-0CEBF81C7E03}.Release|Any CPU.ActiveCfg = Release|Any CPU
		{98FF5718-A299-4ACC-9BD6-0CEBF81C7E03}.Release|Any CPU.Build.0 = Release|Any CPU
		{047DB4E5-1BDD-4A52-9D01-C7E7E9646FB4}.Debug|Any CPU.ActiveCfg = Debug|Any CPU
		{047DB4E5-1BDD-4A52-9D01-C7E7E9646FB4}.Debug|Any CPU.Build.0 = Debug|Any CPU
		{047DB4E5-1BDD-4A52-9D01-C7E7E9646FB4}.Release|Any CPU.ActiveCfg = Release|Any CPU
		{047DB4E5-1BDD-4A52-9D01-C7E7E9646FB4}.Release|Any CPU.Build.0 = Release|Any CPU
	EndGlobalSection
	GlobalSection(SolutionProperties) = preSolution
		HideSolutionNode = FALSE
	EndGlobalSection
	GlobalSection(ExtensibilityGlobals) = postSolution
		SolutionGuid = {F9C8916A-1C01-4503-8CC3-110A912E496D}
	EndGlobalSection
EndGlobal
